
Microsoft Visual Studio Solution File, Format Version 12.00
# Visual Studio Version 17
VisualStudioVersion = 17.0.32014.148
MinimumVisualStudioVersion = 10.0.40219.1
Project("{FAE04EC0-301F-11D3-BF4B-00C04F79EFBC}") = "BlazerWASM-GraphQl.Server", "BlazerWASM-GraphQl\Server\BlazerWASM-GraphQl.Server.csproj", "{21B08DD3-71BC-40E3-AA31-92D21D1F9284}"
EndProject
Project("{FAE04EC0-301F-11D3-BF4B-00C04F79EFBC}") = "BlazerWASM-GraphQl.Client", "BlazerWASM-GraphQl\Client\BlazerWASM-GraphQl.Client.csproj", "{3AAAEDDC-3F4F-49B0-BA71-C224D89501BA}"
EndProject
Project("{FAE04EC0-301F-11D3-BF4B-00C04F79EFBC}") = "BlazerWASM-GraphQl.Shared", "BlazerWASM-GraphQl\Shared\BlazerWASM-GraphQl.Shared.csproj", "{8D1BA66B-6F8B-4587-8A0C-43625A6CEAC7}"
EndProject
Global
	GlobalSection(SolutionConfigurationPlatforms) = preSolution
		Debug|Any CPU = Debug|Any CPU
		Release|Any CPU = Release|Any CPU
	EndGlobalSection
	GlobalSection(ProjectConfigurationPlatforms) = postSolution
		{21B08DD3-71BC-40E3-AA31-92D21D1F9284}.Debug|Any CPU.ActiveCfg = Debug|Any CPU
		{21B08DD3-71BC-40E3-AA31-92D21D1F9284}.Debug|Any CPU.Build.0 = Debug|Any CPU
		{21B08DD3-71BC-40E3-AA31-92D21D1F9284}.Release|Any CPU.ActiveCfg = Release|Any CPU
		{21B08DD3-71BC-40E3-AA31-92D21D1F9284}.Release|Any CPU.Build.0 = Release|Any CPU
		{3AAAEDDC-3F4F-49B0-BA71-C224D89501BA}.Debug|Any CPU.ActiveCfg = Debug|Any CPU
		{3AAAEDDC-3F4F-49B0-BA71-C224D89501BA}.Debug|Any CPU.Build.0 = Debug|Any CPU
		{3AAAEDDC-3F4F-49B0-BA71-C224D89501BA}.Release|Any CPU.ActiveCfg = Release|Any CPU
		{3AAAEDDC-3F4F-49B0-BA71-C224D89501BA}.Release|Any CPU.Build.0 = Release|Any CPU
		{8D1BA66B-6F8B-4587-8A0C-43625A6CEAC7}.Debug|Any CPU.ActiveCfg = Debug|Any CPU
		{8D1BA66B-6F8B-4587-8A0C-43625A6CEAC7}.Debug|Any CPU.Build.0 = Debug|Any CPU
		{8D1BA66B-6F8B-4587-8A0C-43625A6CEAC7}.Release|Any CPU.ActiveCfg = Release|Any CPU
		{8D1BA66B-6F8B-4587-8A0C-43625A6CEAC7}.Release|Any CPU.Build.0 = Release|Any CPU
	EndGlobalSection
	GlobalSection(SolutionProperties) = preSolution
		HideSolutionNode = FALSE
	EndGlobalSection
	GlobalSection(ExtensibilityGlobals) = postSolution
		SolutionGuid = {7D409069-8579-48AF-B499-27D843CD089B}
	EndGlobalSection
EndGlobal
